
Microsoft Visual Studio Solution File, Format Version 12.00
# Visual Studio 15
VisualStudioVersion = 15.0.28307.438
MinimumVisualStudioVersion = 10.0.40219.1
Project("{FAE04EC0-301F-11D3-BF4B-00C04F79EFBC}") = "AzureDevConsole", "AzureDevConsole\AzureDevConsole.csproj", "{A8B25F6C-621D-4975-8C70-8A5C1A76BE2C}"
EndProject
Global
	GlobalSection(SolutionConfigurationPlatforms) = preSolution
		Debug|Any CPU = Debug|Any CPU
		Release|Any CPU = Release|Any CPU
	EndGlobalSection
	GlobalSection(ProjectConfigurationPlatforms) = postSolution
		{A8B25F6C-621D-4975-8C70-8A5C1A76BE2C}.Debug|Any CPU.ActiveCfg = Debug|Any CPU
		{A8B25F6C-621D-4975-8C70-8A5C1A76BE2C}.Debug|Any CPU.Build.0 = Debug|Any CPU
		{A8B25F6C-621D-4975-8C70-8A5C1A76BE2C}.Release|Any CPU.ActiveCfg = Release|Any CPU
		{A8B25F6C-621D-4975-8C70-8A5C1A76BE2C}.Release|Any CPU.Build.0 = Release|Any CPU
	EndGlobalSection
	GlobalSection(SolutionProperties) = preSolution
		HideSolutionNode = FALSE
	EndGlobalSection
	GlobalSection(ExtensibilityGlobals) = postSolution
		SolutionGuid = {34579115-3766-45C2-B2E9-790CA6E4B689}
	EndGlobalSection
EndGlobal
